
Microsoft Visual Studio Solution File, Format Version 12.00
# Visual Studio 15
Project("{FAE04EC0-301F-11D3-BF4B-00C04F79EFBC}") = "Assembly-CSharp", "Assembly-CSharp.csproj", "{511B2905-4952-C828-ABC8-D15E0467165A}"
EndProject
Project("{FAE04EC0-301F-11D3-BF4B-00C04F79EFBC}") = "Assembly-CSharp-Editor", "Assembly-CSharp-Editor.csproj", "{167DDCE4-B64F-4CFA-B877-66B3C5B7F62E}"
EndProject
Project("{FAE04EC0-301F-11D3-BF4B-00C04F79EFBC}") = "Assembly-CSharp-firstpass", "Assembly-CSharp-firstpass.csproj", "{14250CDB-1201-A1A2-6DC7-07AD27D89C65}"
EndProject
Global
	GlobalSection(SolutionConfigurationPlatforms) = preSolution
		Debug|Any CPU = Debug|Any CPU
		Release|Any CPU = Release|Any CPU
	EndGlobalSection
	GlobalSection(ProjectConfigurationPlatforms) = postSolution
		{511B2905-4952-C828-ABC8-D15E0467165A}.Debug|Any CPU.ActiveCfg = Debug|Any CPU
		{511B2905-4952-C828-ABC8-D15E0467165A}.Debug|Any CPU.Build.0 = Debug|Any CPU
		{511B2905-4952-C828-ABC8-D15E0467165A}.Release|Any CPU.ActiveCfg = Release|Any CPU
		{511B2905-4952-C828-ABC8-D15E0467165A}.Release|Any CPU.Build.0 = Release|Any CPU
		{167DDCE4-B64F-4CFA-B877-66B3C5B7F62E}.Debug|Any CPU.ActiveCfg = Debug|Any CPU
		{167DDCE4-B64F-4CFA-B877-66B3C5B7F62E}.Debug|Any CPU.Build.0 = Debug|Any CPU
		{167DDCE4-B64F-4CFA-B877-66B3C5B7F62E}.Release|Any CPU.ActiveCfg = Release|Any CPU
		{167DDCE4-B64F-4CFA-B877-66B3C5B7F62E}.Release|Any CPU.Build.0 = Release|Any CPU
		{14250CDB-1201-A1A2-6DC7-07AD27D89C65}.Debug|Any CPU.ActiveCfg = Debug|Any CPU
		{14250CDB-1201-A1A2-6DC7-07AD27D89C65}.Debug|Any CPU.Build.0 = Debug|Any CPU
		{14250CDB-1201-A1A2-6DC7-07AD27D89C65}.Release|Any CPU.ActiveCfg = Release|Any CPU
		{14250CDB-1201-A1A2-6DC7-07AD27D89C65}.Release|Any CPU.Build.0 = Release|Any CPU
	EndGlobalSection
	GlobalSection(SolutionProperties) = preSolution
		HideSolutionNode = FALSE
	EndGlobalSection
EndGlobal
